// !$*UTF8*$!
{
	archiveVersion = 1;
	classes = {
	};
	objectVersion = 46;
	objects = {

/* Begin PBXBuildFile section */
		4A26AF161CB0D81E00B8DAF0 /* FlickrClient.swift in Sources */ = {isa = PBXBuildFile; fileRef = 4A26AF151CB0D81E00B8DAF0 /* FlickrClient.swift */; settings = {ASSET_TAGS = (); }; };
		4A26AF181CB2241A00B8DAF0 /* PhotoCellForCollectionView.swift in Sources */ = {isa = PBXBuildFile; fileRef = 4A26AF171CB2241A00B8DAF0 /* PhotoCellForCollectionView.swift */; settings = {ASSET_TAGS = (); }; };
		4A5B5BAA1CE2F1FE0022EEFB /* ImageCache.swift in Sources */ = {isa = PBXBuildFile; fileRef = 4A5B5BA91CE2F1FE0022EEFB /* ImageCache.swift */; settings = {ASSET_TAGS = (); }; };
		4A8AD4AE1CFA6BFF008C59F2 /* PhotoRetriever.swift in Sources */ = {isa = PBXBuildFile; fileRef = 4A8AD4AD1CFA6BFF008C59F2 /* PhotoRetriever.swift */; settings = {ASSET_TAGS = (); }; };
		4ADD91061CA25AC700F448CF /* Photo.swift in Sources */ = {isa = PBXBuildFile; fileRef = 4ADD91051CA25AC700F448CF /* Photo.swift */; settings = {ASSET_TAGS = (); }; };
		4AFB06211C97BF0B0040588E /* AppDelegate.swift in Sources */ = {isa = PBXBuildFile; fileRef = 4AFB06201C97BF0B0040588E /* AppDelegate.swift */; };
		4AFB06231C97BF0B0040588E /* ViewController.swift in Sources */ = {isa = PBXBuildFile; fileRef = 4AFB06221C97BF0B0040588E /* ViewController.swift */; };
		4AFB06261C97BF0B0040588E /* Main.storyboard in Resources */ = {isa = PBXBuildFile; fileRef = 4AFB06241C97BF0B0040588E /* Main.storyboard */; };
		4AFB06281C97BF0B0040588E /* Assets.xcassets in Resources */ = {isa = PBXBuildFile; fileRef = 4AFB06271C97BF0B0040588E /* Assets.xcassets */; };
		4AFB062B1C97BF0B0040588E /* LaunchScreen.storyboard in Resources */ = {isa = PBXBuildFile; fileRef = 4AFB06291C97BF0B0040588E /* LaunchScreen.storyboard */; };
		4AFB06361C97BF0C0040588E /* VirtualTouristTests.swift in Sources */ = {isa = PBXBuildFile; fileRef = 4AFB06351C97BF0C0040588E /* VirtualTouristTests.swift */; };
		4AFB06411C97BF0C0040588E /* VirtualTouristUITests.swift in Sources */ = {isa = PBXBuildFile; fileRef = 4AFB06401C97BF0C0040588E /* VirtualTouristUITests.swift */; };
		4AFB06531C97BFF40040588E /* PhotoAlbumView.swift in Sources */ = {isa = PBXBuildFile; fileRef = 4AFB06501C97BFF40040588E /* PhotoAlbumView.swift */; settings = {ASSET_TAGS = (); }; };
		4AFB06551C97BFF40040588E /* TouristMapView.swift in Sources */ = {isa = PBXBuildFile; fileRef = 4AFB06521C97BFF40040588E /* TouristMapView.swift */; settings = {ASSET_TAGS = (); }; };
		4AFB06571C97C0110040588E /* CoreDataStackManager.swift in Sources */ = {isa = PBXBuildFile; fileRef = 4AFB06561C97C0110040588E /* CoreDataStackManager.swift */; settings = {ASSET_TAGS = (); }; };
		4AFB06A31C991CAF0040588E /* Model.xcdatamodeld in Sources */ = {isa = PBXBuildFile; fileRef = 4AFB06A11C991CAF0040588E /* Model.xcdatamodeld */; settings = {ASSET_TAGS = (); }; };
		4AFB06A51C991FE70040588E /* Location.swift in Sources */ = {isa = PBXBuildFile; fileRef = 4AFB06A41C991FE70040588E /* Location.swift */; settings = {ASSET_TAGS = (); }; };
/* End PBXBuildFile section */

/* Begin PBXContainerItemProxy section */
		4AFB06321C97BF0C0040588E /* PBXContainerItemProxy */ = {
			isa = PBXContainerItemProxy;
			containerPortal = 4AFB06151C97BF0B0040588E /* Project object */;
			proxyType = 1;
			remoteGlobalIDString = 4AFB061C1C97BF0B0040588E;
			remoteInfo = VirtualTourist;
		};
		4AFB063D1C97BF0C0040588E /* PBXContainerItemProxy */ = {
			isa = PBXContainerItemProxy;
			containerPortal = 4AFB06151C97BF0B0040588E /* Project object */;
			proxyType = 1;
			remoteGlobalIDString = 4AFB061C1C97BF0B0040588E;
			remoteInfo = VirtualTourist;
		};
/* End PBXContainerItemProxy section */

/* Begin PBXFileReference section */
		4A26AF151CB0D81E00B8DAF0 /* FlickrClient.swift */ = {isa = PBXFileReference; fileEncoding = 4; lastKnownFileType = sourcecode.swift; path = FlickrClient.swift; sourceTree = "<group>"; };
		4A26AF171CB2241A00B8DAF0 /* PhotoCellForCollectionView.swift */ = {isa = PBXFileReference; fileEncoding = 4; lastKnownFileType = sourcecode.swift; path = PhotoCellForCollectionView.swift; sourceTree = "<group>"; };
		4A5B5BA91CE2F1FE0022EEFB /* ImageCache.swift */ = {isa = PBXFileReference; fileEncoding = 4; lastKnownFileType = sourcecode.swift; path = ImageCache.swift; sourceTree = "<group>"; };
		4A8AD4AD1CFA6BFF008C59F2 /* PhotoRetriever.swift */ = {isa = PBXFileReference; fileEncoding = 4; lastKnownFileType = sourcecode.swift; path = PhotoRetriever.swift; sourceTree = "<group>"; };
		4ADD91051CA25AC700F448CF /* Photo.swift */ = {isa = PBXFileReference; fileEncoding = 4; lastKnownFileType = sourcecode.swift; path = Photo.swift; sourceTree = "<group>"; };
		4AFB061D1C97BF0B0040588E /* VirtualTourist.app */ = {isa = PBXFileReference; explicitFileType = wrapper.application; includeInIndex = 0; path = VirtualTourist.app; sourceTree = BUILT_PRODUCTS_DIR; };
		4AFB06201C97BF0B0040588E /* AppDelegate.swift */ = {isa = PBXFileReference; lastKnownFileType = sourcecode.swift; path = AppDelegate.swift; sourceTree = "<group>"; };
		4AFB06221C97BF0B0040588E /* ViewController.swift */ = {isa = PBXFileReference; lastKnownFileType = sourcecode.swift; path = ViewController.swift; sourceTree = "<group>"; };
		4AFB06251C97BF0B0040588E /* Base */ = {isa = PBXFileReference; lastKnownFileType = file.storyboard; name = Base; path = Base.lproj/Main.storyboard; sourceTree = "<group>"; };
		4AFB06271C97BF0B0040588E /* Assets.xcassets */ = {isa = PBXFileReference; lastKnownFileType = folder.assetcatalog; path = Assets.xcassets; sourceTree = "<group>"; };
		4AFB062A1C97BF0B0040588E /* Base */ = {isa = PBXFileReference; lastKnownFileType = file.storyboard; name = Base; path = Base.lproj/LaunchScreen.storyboard; sourceTree = "<group>"; };
		4AFB062C1C97BF0B0040588E /* Info.plist */ = {isa = PBXFileReference; lastKnownFileType = text.plist.xml; path = Info.plist; sourceTree = "<group>"; };
		4AFB06311C97BF0C0040588E /* VirtualTouristTests.xctest */ = {isa = PBXFileReference; explicitFileType = wrapper.cfbundle; includeInIndex = 0; path = VirtualTouristTests.xctest; sourceTree = BUILT_PRODUCTS_DIR; };
		4AFB06351C97BF0C0040588E /* VirtualTouristTests.swift */ = {isa = PBXFileReference; lastKnownFileType = sourcecode.swift; path = VirtualTouristTests.swift; sourceTree = "<group>"; };
		4AFB06371C97BF0C0040588E /* Info.plist */ = {isa = PBXFileReference; lastKnownFileType = text.plist.xml; path = Info.plist; sourceTree = "<group>"; };
		4AFB063C1C97BF0C0040588E /* VirtualTouristUITests.xctest */ = {isa = PBXFileReference; explicitFileType = wrapper.cfbundle; includeInIndex = 0; path = VirtualTouristUITests.xctest; sourceTree = BUILT_PRODUCTS_DIR; };
		4AFB06401C97BF0C0040588E /* VirtualTouristUITests.swift */ = {isa = PBXFileReference; lastKnownFileType = sourcecode.swift; path = VirtualTouristUITests.swift; sourceTree = "<group>"; };
		4AFB06421C97BF0C0040588E /* Info.plist */ = {isa = PBXFileReference; lastKnownFileType = text.plist.xml; path = Info.plist; sourceTree = "<group>"; };
		4AFB06501C97BFF40040588E /* PhotoAlbumView.swift */ = {isa = PBXFileReference; fileEncoding = 4; lastKnownFileType = sourcecode.swift; path = PhotoAlbumView.swift; sourceTree = "<group>"; };
		4AFB06521C97BFF40040588E /* TouristMapView.swift */ = {isa = PBXFileReference; fileEncoding = 4; lastKnownFileType = sourcecode.swift; path = TouristMapView.swift; sourceTree = "<group>"; };
		4AFB06561C97C0110040588E /* CoreDataStackManager.swift */ = {isa = PBXFileReference; fileEncoding = 4; lastKnownFileType = sourcecode.swift; path = CoreDataStackManager.swift; sourceTree = "<group>"; };
		4AFB06A21C991CAF0040588E /* Model.xcdatamodel */ = {isa = PBXFileReference; lastKnownFileType = wrapper.xcdatamodel; path = Model.xcdatamodel; sourceTree = "<group>"; };
		4AFB06A41C991FE70040588E /* Location.swift */ = {isa = PBXFileReference; fileEncoding = 4; lastKnownFileType = sourcecode.swift; path = Location.swift; sourceTree = "<group>"; };
/* End PBXFileReference section */

/* Begin PBXFrameworksBuildPhase section */
		4AFB061A1C97BF0B0040588E /* Frameworks */ = {
			isa = PBXFrameworksBuildPhase;
			buildActionMask = 2147483647;
			files = (
			);
			runOnlyForDeploymentPostprocessing = 0;
		};
		4AFB062E1C97BF0C0040588E /* Frameworks */ = {
			isa = PBXFrameworksBuildPhase;
			buildActionMask = 2147483647;
			files = (
			);
			runOnlyForDeploymentPostprocessing = 0;
		};
		4AFB06391C97BF0C0040588E /* Frameworks */ = {
			isa = PBXFrameworksBuildPhase;
			buildActionMask = 2147483647;
			files = (
			);
			runOnlyForDeploymentPostprocessing = 0;
		};
/* End PBXFrameworksBuildPhase section */

/* Begin PBXGroup section */
		4AFB06141C97BF0B0040588E = {
			isa = PBXGroup;
			children = (
				4AFB061F1C97BF0B0040588E /* VirtualTourist */,
				4AFB06341C97BF0C0040588E /* VirtualTouristTests */,
				4AFB063F1C97BF0C0040588E /* VirtualTouristUITests */,
				4AFB061E1C97BF0B0040588E /* Products */,
			);
			sourceTree = "<group>";
		};
		4AFB061E1C97BF0B0040588E /* Products */ = {
			isa = PBXGroup;
			children = (
				4AFB061D1C97BF0B0040588E /* VirtualTourist.app */,
				4AFB06311C97BF0C0040588E /* VirtualTouristTests.xctest */,
				4AFB063C1C97BF0C0040588E /* VirtualTouristUITests.xctest */,
			);
			name = Products;
			sourceTree = "<group>";
		};
		4AFB061F1C97BF0B0040588E /* VirtualTourist */ = {
			isa = PBXGroup;
			children = (
				4AFB06561C97C0110040588E /* CoreDataStackManager.swift */,
				4AFB06A11C991CAF0040588E /* Model.xcdatamodeld */,
				4AFB06521C97BFF40040588E /* TouristMapView.swift */,
				4AFB06501C97BFF40040588E /* PhotoAlbumView.swift */,
				4AFB06201C97BF0B0040588E /* AppDelegate.swift */,
				4AFB06221C97BF0B0040588E /* ViewController.swift */,
				4AFB06241C97BF0B0040588E /* Main.storyboard */,
				4AFB06271C97BF0B0040588E /* Assets.xcassets */,
				4AFB06291C97BF0B0040588E /* LaunchScreen.storyboard */,
				4AFB062C1C97BF0B0040588E /* Info.plist */,
				4AFB06A41C991FE70040588E /* Location.swift */,
				4ADD91051CA25AC700F448CF /* Photo.swift */,
				4A26AF151CB0D81E00B8DAF0 /* FlickrClient.swift */,
				4A26AF171CB2241A00B8DAF0 /* PhotoCellForCollectionView.swift */,
				4A5B5BA91CE2F1FE0022EEFB /* ImageCache.swift */,
				4A8AD4AD1CFA6BFF008C59F2 /* PhotoRetriever.swift */,
			);
			path = VirtualTourist;
			sourceTree = "<group>";
		};
		4AFB06341C97BF0C0040588E /* VirtualTouristTests */ = {
			isa = PBXGroup;
			children = (
				4AFB06351C97BF0C0040588E /* VirtualTouristTests.swift */,
				4AFB06371C97BF0C0040588E /* Info.plist */,
			);
			path = VirtualTouristTests;
			sourceTree = "<group>";
		};
		4AFB063F1C97BF0C0040588E /* VirtualTouristUITests */ = {
			isa = PBXGroup;
			children = (
				4AFB06401C97BF0C0040588E /* VirtualTouristUITests.swift */,
				4AFB06421C97BF0C0040588E /* Info.plist */,
			);
			path = VirtualTouristUITests;
			sourceTree = "<group>";
		};
/* End PBXGroup section */

/* Begin PBXNativeTarget section */
		4AFB061C1C97BF0B0040588E /* VirtualTourist */ = {
			isa = PBXNativeTarget;
			buildConfigurationList = 4AFB06451C97BF0C0040588E /* Build configuration list for PBXNativeTarget "VirtualTourist" */;
			buildPhases = (
				4AFB06191C97BF0B0040588E /* Sources */,
				4AFB061A1C97BF0B0040588E /* Frameworks */,
				4AFB061B1C97BF0B0040588E /* Resources */,
			);
			buildRules = (
			);
			dependencies = (
			);
			name = VirtualTourist;
			productName = VirtualTourist;
			productReference = 4AFB061D1C97BF0B0040588E /* VirtualTourist.app */;
			productType = "com.apple.product-type.application";
		};
		4AFB06301C97BF0C0040588E /* VirtualTouristTests */ = {
			isa = PBXNativeTarget;
			buildConfigurationList = 4AFB06481C97BF0C0040588E /* Build configuration list for PBXNativeTarget "VirtualTouristTests" */;
			buildPhases = (
				4AFB062D1C97BF0C0040588E /* Sources */,
				4AFB062E1C97BF0C0040588E /* Frameworks */,
				4AFB062F1C97BF0C0040588E /* Resources */,
			);
			buildRules = (
			);
			dependencies = (
				4AFB06331C97BF0C0040588E /* PBXTargetDependency */,
			);
			name = VirtualTouristTests;
			productName = VirtualTouristTests;
			productReference = 4AFB06311C97BF0C0040588E /* VirtualTouristTests.xctest */;
			productType = "com.apple.product-type.bundle.unit-test";
		};
		4AFB063B1C97BF0C0040588E /* VirtualTouristUITests */ = {
			isa = PBXNativeTarget;
			buildConfigurationList = 4AFB064B1C97BF0C0040588E /* Build configuration list for PBXNativeTarget "VirtualTouristUITests" */;
			buildPhases = (
				4AFB06381C97BF0C0040588E /* Sources */,
				4AFB06391C97BF0C0040588E /* Frameworks */,
				4AFB063A1C97BF0C0040588E /* Resources */,
			);
			buildRules = (
			);
			dependencies = (
				4AFB063E1C97BF0C0040588E /* PBXTargetDependency */,
			);
			name = VirtualTouristUITests;
			productName = VirtualTouristUITests;
			productReference = 4AFB063C1C97BF0C0040588E /* VirtualTouristUITests.xctest */;
			productType = "com.apple.product-type.bundle.ui-testing";
		};
/* End PBXNativeTarget section */

/* Begin PBXProject section */
		4AFB06151C97BF0B0040588E /* Project object */ = {
			isa = PBXProject;
			attributes = {
				LastUpgradeCheck = 0700;
				ORGANIZATIONNAME = DLP;
				TargetAttributes = {
					4AFB061C1C97BF0B0040588E = {
						CreatedOnToolsVersion = 7.0.1;
					};
					4AFB06301C97BF0C0040588E = {
						CreatedOnToolsVersion = 7.0.1;
						TestTargetID = 4AFB061C1C97BF0B0040588E;
					};
					4AFB063B1C97BF0C0040588E = {
						CreatedOnToolsVersion = 7.0.1;
						TestTargetID = 4AFB061C1C97BF0B0040588E;
					};
				};
			};
			buildConfigurationList = 4AFB06181C97BF0B0040588E /* Build configuration list for PBXProject "VirtualTourist" */;
			compatibilityVersion = "Xcode 3.2";
			developmentRegion = English;
			hasScannedForEncodings = 0;
			knownRegions = (
				en,
				Base,
			);
			mainGroup = 4AFB06141C97BF0B0040588E;
			productRefGroup = 4AFB061E1C97BF0B0040588E /* Products */;
			projectDirPath = "";
			projectRoot = "";
			targets = (
				4AFB061C1C97BF0B0040588E /* VirtualTourist */,
				4AFB06301C97BF0C0040588E /* VirtualTouristTests */,
				4AFB063B1C97BF0C0040588E /* VirtualTouristUITests */,
			);
		};
/* End PBXProject section */

/* Begin PBXResourcesBuildPhase section */
		4AFB061B1C97BF0B0040588E /* Resources */ = {
			isa = PBXResourcesBuildPhase;
			buildActionMask = 2147483647;
			files = (
				4AFB062B1C97BF0B0040588E /* LaunchScreen.storyboard in Resources */,
				4AFB06281C97BF0B0040588E /* Assets.xcassets in Resources */,
				4AFB06261C97BF0B0040588E /* Main.storyboard in Resources */,
			);
			runOnlyForDeploymentPostprocessing = 0;
		};
		4AFB062F1C97BF0C0040588E /* Resources */ = {
			isa = PBXResourcesBuildPhase;
			buildActionMask = 2147483647;
			files = (
			);
			runOnlyForDeploymentPostprocessing = 0;
		};
		4AFB063A1C97BF0C0040588E /* Resources */ = {
			isa = PBXResourcesBuildPhase;
			buildActionMask = 2147483647;
			files = (
			);
			runOnlyForDeploymentPostprocessing = 0;
		};
/* End PBXResourcesBuildPhase section */

/* Begin PBXSourcesBuildPhase section */
		4AFB06191C97BF0B0040588E /* Sources */ = {
			isa = PBXSourcesBuildPhase;
			buildActionMask = 2147483647;
			files = (
				4A5B5BAA1CE2F1FE0022EEFB /* ImageCache.swift in Sources */,
				4ADD91061CA25AC700F448CF /* Photo.swift in Sources */,
				4A26AF161CB0D81E00B8DAF0 /* FlickrClient.swift in Sources */,
				4AFB06231C97BF0B0040588E /* ViewController.swift in Sources */,
				4AFB06211C97BF0B0040588E /* AppDelegate.swift in Sources */,
				4AFB06551C97BFF40040588E /* TouristMapView.swift in Sources */,
				4AFB06571C97C0110040588E /* CoreDataStackManager.swift in Sources */,
				4A26AF181CB2241A00B8DAF0 /* PhotoCellForCollectionView.swift in Sources */,
				4AFB06531C97BFF40040588E /* PhotoAlbumView.swift in Sources */,
				4A8AD4AE1CFA6BFF008C59F2 /* PhotoRetriever.swift in Sources */,
				4AFB06A31C991CAF0040588E /* Model.xcdatamodeld in Sources */,
				4AFB06A51C991FE70040588E /* Location.swift in Sources */,
			);
			runOnlyForDeploymentPostprocessing = 0;
		};
		4AFB062D1C97BF0C0040588E /* Sources */ = {
			isa = PBXSourcesBuildPhase;
			buildActionMask = 2147483647;
			files = (
				4AFB06361C97BF0C0040588E /* VirtualTouristTests.swift in Sources */,
			);
			runOnlyForDeploymentPostprocessing = 0;
		};
		4AFB06381C97BF0C0040588E /* Sources */ = {
			isa = PBXSourcesBuildPhase;
			buildActionMask = 2147483647;
			files = (
				4AFB06411C97BF0C0040588E /* VirtualTouristUITests.swift in Sources */,
			);
			runOnlyForDeploymentPostprocessing = 0;
		};
/* End PBXSourcesBuildPhase section */

/* Begin PBXTargetDependency section */
		4AFB06331C97BF0C0040588E /* PBXTargetDependency */ = {
			isa = PBXTargetDependency;
			target = 4AFB061C1C97BF0B0040588E /* VirtualTourist */;
			targetProxy = 4AFB06321C97BF0C0040588E /* PBXContainerItemProxy */;
		};
		4AFB063E1C97BF0C0040588E /* PBXTargetDependency */ = {
			isa = PBXTargetDependency;
			target = 4AFB061C1C97BF0B0040588E /* VirtualTourist */;
			targetProxy = 4AFB063D1C97BF0C0040588E /* PBXContainerItemProxy */;
		};
/* End PBXTargetDependency section */

/* Begin PBXVariantGroup section */
		4AFB06241C97BF0B0040588E /* Main.storyboard */ = {
			isa = PBXVariantGroup;
			children = (
				4AFB06251C97BF0B0040588E /* Base */,
			);
			name = Main.storyboard;
			sourceTree = "<group>";
		};
		4AFB06291C97BF0B0040588E /* LaunchScreen.storyboard */ = {
			isa = PBXVariantGroup;
			children = (
				4AFB062A1C97BF0B0040588E /* Base */,
			);
			name = LaunchScreen.storyboard;
			sourceTree = "<group>";
		};
/* End PBXVariantGroup section */

/* Begin XCBuildConfiguration section */
		4AFB06431C97BF0C0040588E /* Debug */ = {
			isa = XCBuildConfiguration;
			buildSettings = {
				ALWAYS_SEARCH_USER_PATHS = NO;
				CLANG_CXX_LANGUAGE_STANDARD = "gnu++0x";
				CLANG_CXX_LIBRARY = "libc++";
				CLANG_ENABLE_MODULES = YES;
				CLANG_ENABLE_OBJC_ARC = YES;
				CLANG_WARN_BOOL_CONVERSION = YES;
				CLANG_WARN_CONSTANT_CONVERSION = YES;
				CLANG_WARN_DIRECT_OBJC_ISA_USAGE = YES_ERROR;
				CLANG_WARN_EMPTY_BODY = YES;
				CLANG_WARN_ENUM_CONVERSION = YES;
				CLANG_WARN_INT_CONVERSION = YES;
				CLANG_WARN_OBJC_ROOT_CLASS = YES_ERROR;
				CLANG_WARN_UNREACHABLE_CODE = YES;
				CLANG_WARN__DUPLICATE_METHOD_MATCH = YES;
				"CODE_SIGN_IDENTITY[sdk=iphoneos*]" = "iPhone Developer";
				COPY_PHASE_STRIP = NO;
				DEBUG_INFORMATION_FORMAT = dwarf;
				ENABLE_STRICT_OBJC_MSGSEND = YES;
				ENABLE_TESTABILITY = YES;
				GCC_C_LANGUAGE_STANDARD = gnu99;
				GCC_DYNAMIC_NO_PIC = NO;
				GCC_NO_COMMON_BLOCKS = YES;
				GCC_OPTIMIZATION_LEVEL = 0;
				GCC_PREPROCESSOR_DEFINITIONS = (
					"DEBUG=1",
					"$(inherited)",
				);
				GCC_WARN_64_TO_32_BIT_CONVERSION = YES;
				GCC_WARN_ABOUT_RETURN_TYPE = YES_ERROR;
				GCC_WARN_UNDECLARED_SELECTOR = YES;
				GCC_WARN_UNINITIALIZED_AUTOS = YES_AGGRESSIVE;
				GCC_WARN_UNUSED_FUNCTION = YES;
				GCC_WARN_UNUSED_VARIABLE = YES;
				IPHONEOS_DEPLOYMENT_TARGET = 9.0;
				MTL_ENABLE_DEBUG_INFO = YES;
				ONLY_ACTIVE_ARCH = YES;
				SDKROOT = iphoneos;
				SWIFT_OPTIMIZATION_LEVEL = "-Onone";
			};
			name = Debug;
		};
		4AFB06441C97BF0C0040588E /* Release */ = {
			isa = XCBuildConfiguration;
			buildSettings = {
				ALWAYS_SEARCH_USER_PATHS = NO;
				CLANG_CXX_LANGUAGE_STANDARD = "gnu++0x";
				CLANG_CXX_LIBRARY = "libc++";
				CLANG_ENABLE_MODULES = YES;
				CLANG_ENABLE_OBJC_ARC = YES;
				CLANG_WARN_BOOL_CONVERSION = YES;
				CLANG_WARN_CONSTANT_CONVERSION = YES;
				CLANG_WARN_DIRECT_OBJC_ISA_USAGE = YES_ERROR;
				CLANG_WARN_EMPTY_BODY = YES;
				CLANG_WARN_ENUM_CONVERSION = YES;
				CLANG_WARN_INT_CONVERSION = YES;
				CLANG_WARN_OBJC_ROOT_CLASS = YES_ERROR;
				CLANG_WARN_UNREACHABLE_CODE = YES;
				CLANG_WARN__DUPLICATE_METHOD_MATCH = YES;
				"CODE_SIGN_IDENTITY[sdk=iphoneos*]" = "iPhone Developer";
				COPY_PHASE_STRIP = NO;
				DEBUG_INFORMATION_FORMAT = "dwarf-with-dsym";
				ENABLE_NS_ASSERTIONS = NO;
				ENABLE_STRICT_OBJC_MSGSEND = YES;
				GCC_C_LANGUAGE_STANDARD = gnu99;
				GCC_NO_COMMON_BLOCKS = YES;
				GCC_WARN_64_TO_32_BIT_CONVERSION = YES;
				GCC_WARN_ABOUT_RETURN_TYPE = YES_ERROR;
				GCC_WARN_UNDECLARED_SELECTOR = YES;
				GCC_WARN_UNINITIALIZED_AUTOS = YES_AGGRESSIVE;
				GCC_WARN_UNUSED_FUNCTION = YES;
				GCC_WARN_UNUSED_VARIABLE = YES;
				IPHONEOS_DEPLOYMENT_TARGET = 9.0;
				MTL_ENABLE_DEBUG_INFO = NO;
				SDKROOT = iphoneos;
				VALIDATE_PRODUCT = YES;
			};
			name = Release;
		};
		4AFB06461C97BF0C0040588E /* Debug */ = {
			isa = XCBuildConfiguration;
			buildSettings = {
				ASSETCATALOG_COMPILER_APPICON_NAME = AppIcon;
				INFOPLIST_FILE = VirtualTourist/Info.plist;
				LD_RUNPATH_SEARCH_PATHS = "$(inherited) @executable_path/Frameworks";
				PRODUCT_BUNDLE_IDENTIFIER = com.MaMyTy.VirtualTourist;
				PRODUCT_NAME = "$(TARGET_NAME)";
			};
			name = Debug;
		};
		4AFB06471C97BF0C0040588E /* Release */ = {
			isa = XCBuildConfiguration;
			buildSettings = {
				ASSETCATALOG_COMPILER_APPICON_NAME = AppIcon;
				INFOPLIST_FILE = VirtualTourist/Info.plist;
				LD_RUNPATH_SEARCH_PATHS = "$(inherited) @executable_path/Frameworks";
				PRODUCT_BUNDLE_IDENTIFIER = com.MaMyTy.VirtualTourist;
				PRODUCT_NAME = "$(TARGET_NAME)";
			};
			name = Release;
		};
		4AFB06491C97BF0C0040588E /* Debug */ = {
			isa = XCBuildConfiguration;
			buildSettings = {
				BUNDLE_LOADER = "$(TEST_HOST)";
				INFOPLIST_FILE = VirtualTouristTests/Info.plist;
				LD_RUNPATH_SEARCH_PATHS = "$(inherited) @executable_path/Frameworks @loader_path/Frameworks";
				PRODUCT_BUNDLE_IDENTIFIER = com.MaMyTy.VirtualTouristTests;
				PRODUCT_NAME = "$(TARGET_NAME)";
				TEST_HOST = "$(BUILT_PRODUCTS_DIR)/VirtualTourist.app/VirtualTourist";
			};
			name = Debug;
		};
		4AFB064A1C97BF0C0040588E /* Release */ = {
			isa = XCBuildConfiguration;
			buildSettings = {
				BUNDLE_LOADER = "$(TEST_HOST)";
				INFOPLIST_FILE = VirtualTouristTests/Info.plist;
				LD_RUNPATH_SEARCH_PATHS = "$(inherited) @executable_path/Frameworks @loader_path/Frameworks";
				PRODUCT_BUNDLE_IDENTIFIER = com.MaMyTy.VirtualTouristTests;
				PRODUCT_NAME = "$(TARGET_NAME)";
				TEST_HOST = "$(BUILT_PRODUCTS_DIR)/VirtualTourist.app/VirtualTourist";
			};
			name = Release;
		};
		4AFB064C1C97BF0C0040588E /* Debug */ = {
			isa = XCBuildConfiguration;
			buildSettings = {
				INFOPLIST_FILE = VirtualTouristUITests/Info.plist;
				LD_RUNPATH_SEARCH_PATHS = "$(inherited) @executable_path/Frameworks @loader_path/Frameworks";
				PRODUCT_BUNDLE_IDENTIFIER = com.MaMyTy.VirtualTouristUITests;
				PRODUCT_NAME = "$(TARGET_NAME)";
				TEST_TARGET_NAME = VirtualTourist;
				USES_XCTRUNNER = YES;
			};
			name = Debug;
		};
		4AFB064D1C97BF0C0040588E /* Release */ = {
			isa = XCBuildConfiguration;
			buildSettings = {
				INFOPLIST_FILE = VirtualTouristUITests/Info.plist;
				LD_RUNPATH_SEARCH_PATHS = "$(inherited) @executable_path/Frameworks @loader_path/Frameworks";
				PRODUCT_BUNDLE_IDENTIFIER = com.MaMyTy.VirtualTouristUITests;
				PRODUCT_NAME = "$(TARGET_NAME)";
				TEST_TARGET_NAME = VirtualTourist;
				USES_XCTRUNNER = YES;
			};
			name = Release;
		};
/* End XCBuildConfiguration section */

/* Begin XCConfigurationList section */
		4AFB06181C97BF0B0040588E /* Build configuration list for PBXProject "VirtualTourist" */ = {
			isa = XCConfigurationList;
			buildConfigurations = (
				4AFB06431C97BF0C0040588E /* Debug */,
				4AFB06441C97BF0C0040588E /* Release */,
			);
			defaultConfigurationIsVisible = 0;
			defaultConfigurationName = Release;
		};
		4AFB06451C97BF0C0040588E /* Build configuration list for PBXNativeTarget "VirtualTourist" */ = {
			isa = XCConfigurationList;
			buildConfigurations = (
				4AFB06461C97BF0C0040588E /* Debug */,
				4AFB06471C97BF0C0040588E /* Release */,
			);
			defaultConfigurationIsVisible = 0;
			defaultConfigurationName = Release;
		};
		4AFB06481C97BF0C0040588E /* Build configuration list for PBXNativeTarget "VirtualTouristTests" */ = {
			isa = XCConfigurationList;
			buildConfigurations = (
				4AFB06491C97BF0C0040588E /* Debug */,
				4AFB064A1C97BF0C0040588E /* Release */,
			);
			defaultConfigurationIsVisible = 0;
			defaultConfigurationName = Release;
		};
		4AFB064B1C97BF0C0040588E /* Build configuration list for PBXNativeTarget "VirtualTouristUITests" */ = {
			isa = XCConfigurationList;
			buildConfigurations = (
				4AFB064C1C97BF0C0040588E /* Debug */,
				4AFB064D1C97BF0C0040588E /* Release */,
			);
			defaultConfigurationIsVisible = 0;
			defaultConfigurationName = Release;
		};
/* End XCConfigurationList section */

/* Begin XCVersionGroup section */
		4AFB06A11C991CAF0040588E /* Model.xcdatamodeld */ = {
			isa = XCVersionGroup;
			children = (
				4AFB06A21C991CAF0040588E /* Model.xcdatamodel */,
			);
			currentVersion = 4AFB06A21C991CAF0040588E /* Model.xcdatamodel */;
			name = Model.xcdatamodeld;
			path = ../Model.xcdatamodeld;
			sourceTree = "<group>";
			versionGroupType = wrapper.xcdatamodel;
		};
/* End XCVersionGroup section */
	};
	rootObject = 4AFB06151C97BF0B0040588E /* Project object */;
}
